
Microsoft Visual Studio Solution File, Format Version 12.00
# Visual Studio 15
VisualStudioVersion = 15.0.27703.2047
MinimumVisualStudioVersion = 10.0.40219.1
Project("{FAE04EC0-301F-11D3-BF4B-00C04F79EFBC}") = "Server", "Server\Server.csproj", "{0AF61384-314C-4340-9E7A-8EB86B6A7B0A}"
	ProjectSection(ProjectDependencies) = postProject
		{9101660F-9D61-4BC7-898B-4BE086DA32B2} = {9101660F-9D61-4BC7-898B-4BE086DA32B2}
	EndProjectSection
EndProject
Project("{FAE04EC0-301F-11D3-BF4B-00C04F79EFBC}") = "SpaceAdSLibrary", "SpaceAdSLibrary\SpaceAdSLibrary.csproj", "{9101660F-9D61-4BC7-898B-4BE086DA32B2}"
EndProject
Global
	GlobalSection(SolutionConfigurationPlatforms) = preSolution
		Debug|Any CPU = Debug|Any CPU
		Release|Any CPU = Release|Any CPU
	EndGlobalSection
	GlobalSection(ProjectConfigurationPlatforms) = postSolution
		{0AF61384-314C-4340-9E7A-8EB86B6A7B0A}.Debug|Any CPU.ActiveCfg = Debug|Any CPU
		{0AF61384-314C-4340-9E7A-8EB86B6A7B0A}.Debug|Any CPU.Build.0 = Debug|Any CPU
		{0AF61384-314C-4340-9E7A-8EB86B6A7B0A}.Release|Any CPU.ActiveCfg = Release|Any CPU
		{0AF61384-314C-4340-9E7A-8EB86B6A7B0A}.Release|Any CPU.Build.0 = Release|Any CPU
		{9101660F-9D61-4BC7-898B-4BE086DA32B2}.Debug|Any CPU.ActiveCfg = Debug|Any CPU
		{9101660F-9D61-4BC7-898B-4BE086DA32B2}.Debug|Any CPU.Build.0 = Debug|Any CPU
		{9101660F-9D61-4BC7-898B-4BE086DA32B2}.Release|Any CPU.ActiveCfg = Release|Any CPU
		{9101660F-9D61-4BC7-898B-4BE086DA32B2}.Release|Any CPU.Build.0 = Release|Any CPU
	EndGlobalSection
	GlobalSection(SolutionProperties) = preSolution
		HideSolutionNode = FALSE
	EndGlobalSection
	GlobalSection(ExtensibilityGlobals) = postSolution
		SolutionGuid = {5D2C11AD-CC46-4478-8C52-ABC2A1104007}
	EndGlobalSection
EndGlobal
